// !$*UTF8*$!
{
	archiveVersion = 1;
	classes = {
	};
	objectVersion = 46;
	objects = {

/* Begin PBXBuildFile section */
		83EEF7691B2F06C600DEF6AD /* AppDelegate.swift in Sources */ = {isa = PBXBuildFile; fileRef = 83EEF7681B2F06C600DEF6AD /* AppDelegate.swift */; };
		83EEF76B1B2F06C600DEF6AD /* ViewController.swift in Sources */ = {isa = PBXBuildFile; fileRef = 83EEF76A1B2F06C600DEF6AD /* ViewController.swift */; };
		83EEF76E1B2F06C600DEF6AD /* Main.storyboard in Resources */ = {isa = PBXBuildFile; fileRef = 83EEF76C1B2F06C600DEF6AD /* Main.storyboard */; };
		83EEF7701B2F06C600DEF6AD /* Images.xcassets in Resources */ = {isa = PBXBuildFile; fileRef = 83EEF76F1B2F06C600DEF6AD /* Images.xcassets */; };
		83EEF7731B2F06C600DEF6AD /* LaunchScreen.xib in Resources */ = {isa = PBXBuildFile; fileRef = 83EEF7711B2F06C600DEF6AD /* LaunchScreen.xib */; };
		83EEF77F1B2F06C600DEF6AD /* ColorMakerTests.swift in Sources */ = {isa = PBXBuildFile; fileRef = 83EEF77E1B2F06C600DEF6AD /* ColorMakerTests.swift */; };
/* End PBXBuildFile section */

/* Begin PBXContainerItemProxy section */
		83EEF7791B2F06C600DEF6AD /* PBXContainerItemProxy */ = {
			isa = PBXContainerItemProxy;
			containerPortal = 83EEF75B1B2F06C600DEF6AD /* Project object */;
			proxyType = 1;
			remoteGlobalIDString = 83EEF7621B2F06C600DEF6AD;
			remoteInfo = ColorMaker;
		};
/* End PBXContainerItemProxy section */

/* Begin PBXFileReference section */
		83EEF7631B2F06C600DEF6AD /* ColorMaker.app */ = {isa = PBXFileReference; explicitFileType = wrapper.application; includeInIndex = 0; path = ColorMaker.app; sourceTree = BUILT_PRODUCTS_DIR; };
		83EEF7671B2F06C600DEF6AD /* Info.plist */ = {isa = PBXFileReference; lastKnownFileType = text.plist.xml; path = Info.plist; sourceTree = "<group>"; };
		83EEF7681B2F06C600DEF6AD /* AppDelegate.swift */ = {isa = PBXFileReference; lastKnownFileType = sourcecode.swift; path = AppDelegate.swift; sourceTree = "<group>"; };
		83EEF76A1B2F06C600DEF6AD /* ViewController.swift */ = {isa = PBXFileReference; lastKnownFileType = sourcecode.swift; path = ViewController.swift; sourceTree = "<group>"; };
		83EEF76D1B2F06C600DEF6AD /* Base */ = {isa = PBXFileReference; lastKnownFileType = file.storyboard; name = Base; path = Base.lproj/Main.storyboard; sourceTree = "<group>"; };
		83EEF76F1B2F06C600DEF6AD /* Images.xcassets */ = {isa = PBXFileReference; lastKnownFileType = folder.assetcatalog; path = Images.xcassets; sourceTree = "<group>"; };
		83EEF7721B2F06C600DEF6AD /* Base */ = {isa = PBXFileReference; lastKnownFileType = file.xib; name = Base; path = Base.lproj/LaunchScreen.xib; sourceTree = "<group>"; };
		83EEF7781B2F06C600DEF6AD /* ColorMakerTests.xctest */ = {isa = PBXFileReference; explicitFileType = wrapper.cfbundle; includeInIndex = 0; path = ColorMakerTests.xctest; sourceTree = BUILT_PRODUCTS_DIR; };
		83EEF77D1B2F06C600DEF6AD /* Info.plist */ = {isa = PBXFileReference; lastKnownFileType = text.plist.xml; path = Info.plist; sourceTree = "<group>"; };
		83EEF77E1B2F06C600DEF6AD /* ColorMakerTests.swift */ = {isa = PBXFileReference; lastKnownFileType = sourcecode.swift; path = ColorMakerTests.swift; sourceTree = "<group>"; };
/* End PBXFileReference section */

/* Begin PBXFrameworksBuildPhase section */
		83EEF7601B2F06C600DEF6AD /* Frameworks */ = {
			isa = PBXFrameworksBuildPhase;
			buildActionMask = 2147483647;
			files = (
			);
			runOnlyForDeploymentPostprocessing = 0;
		};
		83EEF7751B2F06C600DEF6AD /* Frameworks */ = {
			isa = PBXFrameworksBuildPhase;
			buildActionMask = 2147483647;
			files = (
			);
			runOnlyForDeploymentPostprocessing = 0;
		};
/* End PBXFrameworksBuildPhase section */

/* Begin PBXGroup section */
		83EEF75A1B2F06C600DEF6AD = {
			isa = PBXGroup;
			children = (
				83EEF7651B2F06C600DEF6AD /* ColorMaker */,
				83EEF77B1B2F06C600DEF6AD /* ColorMakerTests */,
				83EEF7641B2F06C600DEF6AD /* Products */,
			);
			sourceTree = "<group>";
		};
		83EEF7641B2F06C600DEF6AD /* Products */ = {
			isa = PBXGroup;
			children = (
				83EEF7631B2F06C600DEF6AD /* ColorMaker.app */,
				83EEF7781B2F06C600DEF6AD /* ColorMakerTests.xctest */,
			);
			name = Products;
			sourceTree = "<group>";
		};
		83EEF7651B2F06C600DEF6AD /* ColorMaker */ = {
			isa = PBXGroup;
			children = (
				83EEF7681B2F06C600DEF6AD /* AppDelegate.swift */,
				83EEF76A1B2F06C600DEF6AD /* ViewController.swift */,
				83EEF76C1B2F06C600DEF6AD /* Main.storyboard */,
				83EEF76F1B2F06C600DEF6AD /* Images.xcassets */,
				83EEF7711B2F06C600DEF6AD /* LaunchScreen.xib */,
				83EEF7661B2F06C600DEF6AD /* Supporting Files */,
			);
			path = ColorMaker;
			sourceTree = "<group>";
		};
		83EEF7661B2F06C600DEF6AD /* Supporting Files */ = {
			isa = PBXGroup;
			children = (
				83EEF7671B2F06C600DEF6AD /* Info.plist */,
			);
			name = "Supporting Files";
			sourceTree = "<group>";
		};
		83EEF77B1B2F06C600DEF6AD /* ColorMakerTests */ = {
			isa = PBXGroup;
			children = (
				83EEF77E1B2F06C600DEF6AD /* ColorMakerTests.swift */,
				83EEF77C1B2F06C600DEF6AD /* Supporting Files */,
			);
			path = ColorMakerTests;
			sourceTree = "<group>";
		};
		83EEF77C1B2F06C600DEF6AD /* Supporting Files */ = {
			isa = PBXGroup;
			children = (
				83EEF77D1B2F06C600DEF6AD /* Info.plist */,
			);
			name = "Supporting Files";
			sourceTree = "<group>";
		};
/* End PBXGroup section */

/* Begin PBXNativeTarget section */
		83EEF7621B2F06C600DEF6AD /* ColorMaker */ = {
			isa = PBXNativeTarget;
			buildConfigurationList = 83EEF7821B2F06C600DEF6AD /* Build configuration list for PBXNativeTarget "ColorMaker" */;
			buildPhases = (
				83EEF75F1B2F06C600DEF6AD /* Sources */,
				83EEF7601B2F06C600DEF6AD /* Frameworks */,
				83EEF7611B2F06C600DEF6AD /* Resources */,
			);
			buildRules = (
			);
			dependencies = (
			);
			name = ColorMaker;
			productName = ColorMaker;
			productReference = 83EEF7631B2F06C600DEF6AD /* ColorMaker.app */;
			productType = "com.apple.product-type.application";
		};
		83EEF7771B2F06C600DEF6AD /* ColorMakerTests */ = {
			isa = PBXNativeTarget;
			buildConfigurationList = 83EEF7851B2F06C600DEF6AD /* Build configuration list for PBXNativeTarget "ColorMakerTests" */;
			buildPhases = (
				83EEF7741B2F06C600DEF6AD /* Sources */,
				83EEF7751B2F06C600DEF6AD /* Frameworks */,
				83EEF7761B2F06C600DEF6AD /* Resources */,
			);
			buildRules = (
			);
			dependencies = (
				83EEF77A1B2F06C600DEF6AD /* PBXTargetDependency */,
			);
			name = ColorMakerTests;
			productName = ColorMakerTests;
			productReference = 83EEF7781B2F06C600DEF6AD /* ColorMakerTests.xctest */;
			productType = "com.apple.product-type.bundle.unit-test";
		};
/* End PBXNativeTarget section */

/* Begin PBXProject section */
		83EEF75B1B2F06C600DEF6AD /* Project object */ = {
			isa = PBXProject;
			attributes = {
				LastUpgradeCheck = 0630;
				ORGANIZATIONNAME = CWatson;
				TargetAttributes = {
					83EEF7621B2F06C600DEF6AD = {
						CreatedOnToolsVersion = 6.3.1;
					};
					83EEF7771B2F06C600DEF6AD = {
						CreatedOnToolsVersion = 6.3.1;
						TestTargetID = 83EEF7621B2F06C600DEF6AD;
					};
				};
			};
			buildConfigurationList = 83EEF75E1B2F06C600DEF6AD /* Build configuration list for PBXProject "ColorMaker" */;
			compatibilityVersion = "Xcode 3.2";
			developmentRegion = English;
			hasScannedForEncodings = 0;
			knownRegions = (
				en,
				Base,
			);
			mainGroup = 83EEF75A1B2F06C600DEF6AD;
			productRefGroup = 83EEF7641B2F06C600DEF6AD /* Products */;
			projectDirPath = "";
			projectRoot = "";
			targets = (
				83EEF7621B2F06C600DEF6AD /* ColorMaker */,
				83EEF7771B2F06C600DEF6AD /* ColorMakerTests */,
			);
		};
/* End PBXProject section */

/* Begin PBXResourcesBuildPhase section */
		83EEF7611B2F06C600DEF6AD /* Resources */ = {
			isa = PBXResourcesBuildPhase;
			buildActionMask = 2147483647;
			files = (
				83EEF76E1B2F06C600DEF6AD /* Main.storyboard in Resources */,
				83EEF7731B2F06C600DEF6AD /* LaunchScreen.xib in Resources */,
				83EEF7701B2F06C600DEF6AD /* Images.xcassets in Resources */,
			);
			runOnlyForDeploymentPostprocessing = 0;
		};
		83EEF7761B2F06C600DEF6AD /* Resources */ = {
			isa = PBXResourcesBuildPhase;
			buildActionMask = 2147483647;
			files = (
			);
			runOnlyForDeploymentPostprocessing = 0;
		};
/* End PBXResourcesBuildPhase section */

/* Begin PBXSourcesBuildPhase section */
		83EEF75F1B2F06C600DEF6AD /* Sources */ = {
			isa = PBXSourcesBuildPhase;
			buildActionMask = 2147483647;
			files = (
				83EEF76B1B2F06C600DEF6AD /* ViewController.swift in Sources */,
				83EEF7691B2F06C600DEF6AD /* AppDelegate.swift in Sources */,
			);
			runOnlyForDeploymentPostprocessing = 0;
		};
		83EEF7741B2F06C600DEF6AD /* Sources */ = {
			isa = PBXSourcesBuildPhase;
			buildActionMask = 2147483647;
			files = (
				83EEF77F1B2F06C600DEF6AD /* ColorMakerTests.swift in Sources */,
			);
			runOnlyForDeploymentPostprocessing = 0;
		};
/* End PBXSourcesBuildPhase section */

/* Begin PBXTargetDependency section */
		83EEF77A1B2F06C600DEF6AD /* PBXTargetDependency */ = {
			isa = PBXTargetDependency;
			target = 83EEF7621B2F06C600DEF6AD /* ColorMaker */;
			targetProxy = 83EEF7791B2F06C600DEF6AD /* PBXContainerItemProxy */;
		};
/* End PBXTargetDependency section */

/* Begin PBXVariantGroup section */
		83EEF76C1B2F06C600DEF6AD /* Main.storyboard */ = {
			isa = PBXVariantGroup;
			children = (
				83EEF76D1B2F06C600DEF6AD /* Base */,
			);
			name = Main.storyboard;
			sourceTree = "<group>";
		};
		83EEF7711B2F06C600DEF6AD /* LaunchScreen.xib */ = {
			isa = PBXVariantGroup;
			children = (
				83EEF7721B2F06C600DEF6AD /* Base */,
			);
			name = LaunchScreen.xib;
			sourceTree = "<group>";
		};
/* End PBXVariantGroup section */

/* Begin XCBuildConfiguration section */
		83EEF7801B2F06C600DEF6AD /* Debug */ = {
			isa = XCBuildConfiguration;
			buildSettings = {
				ALWAYS_SEARCH_USER_PATHS = NO;
				CLANG_CXX_LANGUAGE_STANDARD = "gnu++0x";
				CLANG_CXX_LIBRARY = "libc++";
				CLANG_ENABLE_MODULES = YES;
				CLANG_ENABLE_OBJC_ARC = YES;
				CLANG_WARN_BOOL_CONVERSION = YES;
				CLANG_WARN_CONSTANT_CONVERSION = YES;
				CLANG_WARN_DIRECT_OBJC_ISA_USAGE = YES_ERROR;
				CLANG_WARN_EMPTY_BODY = YES;
				CLANG_WARN_ENUM_CONVERSION = YES;
				CLANG_WARN_INT_CONVERSION = YES;
				CLANG_WARN_OBJC_ROOT_CLASS = YES_ERROR;
				CLANG_WARN_UNREACHABLE_CODE = YES;
				CLANG_WARN__DUPLICATE_METHOD_MATCH = YES;
				"CODE_SIGN_IDENTITY[sdk=iphoneos*]" = "iPhone Developer";
				COPY_PHASE_STRIP = NO;
				DEBUG_INFORMATION_FORMAT = "dwarf-with-dsym";
				ENABLE_STRICT_OBJC_MSGSEND = YES;
				GCC_C_LANGUAGE_STANDARD = gnu99;
				GCC_DYNAMIC_NO_PIC = NO;
				GCC_NO_COMMON_BLOCKS = YES;
				GCC_OPTIMIZATION_LEVEL = 0;
				GCC_PREPROCESSOR_DEFINITIONS = (
					"DEBUG=1",
					"$(inherited)",
				);
				GCC_SYMBOLS_PRIVATE_EXTERN = NO;
				GCC_WARN_64_TO_32_BIT_CONVERSION = YES;
				GCC_WARN_ABOUT_RETURN_TYPE = YES_ERROR;
				GCC_WARN_UNDECLARED_SELECTOR = YES;
				GCC_WARN_UNINITIALIZED_AUTOS = YES_AGGRESSIVE;
				GCC_WARN_UNUSED_FUNCTION = YES;
				GCC_WARN_UNUSED_VARIABLE = YES;
				IPHONEOS_DEPLOYMENT_TARGET = 8.3;
				MTL_ENABLE_DEBUG_INFO = YES;
				ONLY_ACTIVE_ARCH = YES;
				SDKROOT = iphoneos;
				SWIFT_OPTIMIZATION_LEVEL = "-Onone";
			};
			name = Debug;
		};
		83EEF7811B2F06C600DEF6AD /* Release */ = {
			isa = XCBuildConfiguration;
			buildSettings = {
				ALWAYS_SEARCH_USER_PATHS = NO;
				CLANG_CXX_LANGUAGE_STANDARD = "gnu++0x";
				CLANG_CXX_LIBRARY = "libc++";
				CLANG_ENABLE_MODULES = YES;
				CLANG_ENABLE_OBJC_ARC = YES;
				CLANG_WARN_BOOL_CONVERSION = YES;
				CLANG_WARN_CONSTANT_CONVERSION = YES;
				CLANG_WARN_DIRECT_OBJC_ISA_USAGE = YES_ERROR;
				CLANG_WARN_EMPTY_BODY = YES;
				CLANG_WARN_ENUM_CONVERSION = YES;
				CLANG_WARN_INT_CONVERSION = YES;
				CLANG_WARN_OBJC_ROOT_CLASS = YES_ERROR;
				CLANG_WARN_UNREACHABLE_CODE = YES;
				CLANG_WARN__DUPLICATE_METHOD_MATCH = YES;
				"CODE_SIGN_IDENTITY[sdk=iphoneos*]" = "iPhone Developer";
				COPY_PHASE_STRIP = NO;
				DEBUG_INFORMATION_FORMAT = "dwarf-with-dsym";
				ENABLE_NS_ASSERTIONS = NO;
				ENABLE_STRICT_OBJC_MSGSEND = YES;
				GCC_C_LANGUAGE_STANDARD = gnu99;
				GCC_NO_COMMON_BLOCKS = YES;
				GCC_WARN_64_TO_32_BIT_CONVERSION = YES;
				GCC_WARN_ABOUT_RETURN_TYPE = YES_ERROR;
				GCC_WARN_UNDECLARED_SELECTOR = YES;
				GCC_WARN_UNINITIALIZED_AUTOS = YES_AGGRESSIVE;
				GCC_WARN_UNUSED_FUNCTION = YES;
				GCC_WARN_UNUSED_VARIABLE = YES;
				IPHONEOS_DEPLOYMENT_TARGET = 8.3;
				MTL_ENABLE_DEBUG_INFO = NO;
				SDKROOT = iphoneos;
				VALIDATE_PRODUCT = YES;
			};
			name = Release;
		};
		83EEF7831B2F06C600DEF6AD /* Debug */ = {
			isa = XCBuildConfiguration;
			buildSettings = {
				ASSETCATALOG_COMPILER_APPICON_NAME = AppIcon;
				INFOPLIST_FILE = ColorMaker/Info.plist;
				LD_RUNPATH_SEARCH_PATHS = "$(inherited) @executable_path/Frameworks";
				PRODUCT_NAME = "$(TARGET_NAME)";
			};
			name = Debug;
		};
		83EEF7841B2F06C600DEF6AD /* Release */ = {
			isa = XCBuildConfiguration;
			buildSettings = {
				ASSETCATALOG_COMPILER_APPICON_NAME = AppIcon;
				INFOPLIST_FILE = ColorMaker/Info.plist;
				LD_RUNPATH_SEARCH_PATHS = "$(inherited) @executable_path/Frameworks";
				PRODUCT_NAME = "$(TARGET_NAME)";
			};
			name = Release;
		};
		83EEF7861B2F06C600DEF6AD /* Debug */ = {
			isa = XCBuildConfiguration;
			buildSettings = {
				BUNDLE_LOADER = "$(TEST_HOST)";
				FRAMEWORK_SEARCH_PATHS = (
					"$(SDKROOT)/Developer/Library/Frameworks",
					"$(inherited)",
				);
				GCC_PREPROCESSOR_DEFINITIONS = (
					"DEBUG=1",
					"$(inherited)",
				);
				INFOPLIST_FILE = ColorMakerTests/Info.plist;
				LD_RUNPATH_SEARCH_PATHS = "$(inherited) @executable_path/Frameworks @loader_path/Frameworks";
				PRODUCT_NAME = "$(TARGET_NAME)";
				TEST_HOST = "$(BUILT_PRODUCTS_DIR)/ColorMaker.app/ColorMaker";
			};
			name = Debug;
		};
		83EEF7871B2F06C600DEF6AD /* Release */ = {
			isa = XCBuildConfiguration;
			buildSettings = {
				BUNDLE_LOADER = "$(TEST_HOST)";
				FRAMEWORK_SEARCH_PATHS = (
					"$(SDKROOT)/Developer/Library/Frameworks",
					"$(inherited)",
				);
				INFOPLIST_FILE = ColorMakerTests/Info.plist;
				LD_RUNPATH_SEARCH_PATHS = "$(inherited) @executable_path/Frameworks @loader_path/Frameworks";
				PRODUCT_NAME = "$(TARGET_NAME)";
				TEST_HOST = "$(BUILT_PRODUCTS_DIR)/ColorMaker.app/ColorMaker";
			};
			name = Release;
		};
/* End XCBuildConfiguration section */

/* Begin XCConfigurationList section */
		83EEF75E1B2F06C600DEF6AD /* Build configuration list for PBXProject "ColorMaker" */ = {
			isa = XCConfigurationList;
			buildConfigurations = (
				83EEF7801B2F06C600DEF6AD /* Debug */,
				83EEF7811B2F06C600DEF6AD /* Release */,
			);
			defaultConfigurationIsVisible = 0;
			defaultConfigurationName = Release;
		};
		83EEF7821B2F06C600DEF6AD /* Build configuration list for PBXNativeTarget "ColorMaker" */ = {
			isa = XCConfigurationList;
			buildConfigurations = (
				83EEF7831B2F06C600DEF6AD /* Debug */,
				83EEF7841B2F06C600DEF6AD /* Release */,
			);
			defaultConfigurationIsVisible = 0;
		};
		83EEF7851B2F06C600DEF6AD /* Build configuration list for PBXNativeTarget "ColorMakerTests" */ = {
			isa = XCConfigurationList;
			buildConfigurations = (
				83EEF7861B2F06C600DEF6AD /* Debug */,
				83EEF7871B2F06C600DEF6AD /* Release */,
			);
			defaultConfigurationIsVisible = 0;
		};
/* End XCConfigurationList section */
	};
	rootObject = 83EEF75B1B2F06C600DEF6AD /* Project object */;
}
